
Microsoft Visual Studio Solution File, Format Version 12.00
# Visual Studio Version 17
VisualStudioVersion = 17.1.32104.313
MinimumVisualStudioVersion = 10.0.40219.1
Project("{FAE04EC0-301F-11D3-BF4B-00C04F79EFBC}") = "GrpcGreeter", "GrpcGreeter\GrpcGreeter.csproj", "{A6A6B355-BC3B-4AE8-9032-8FD48D557E18}"
EndProject
Project("{9A19103F-16F7-4668-BE54-9A1E7A4F7556}") = "GrpcGreeterClient", "GrpcGreeterClient\GrpcGreeterClient\GrpcGreeterClient.csproj", "{836EF229-F266-4954-B8A3-6DFA3F33163C}"
EndProject
Global
	GlobalSection(SolutionConfigurationPlatforms) = preSolution
		Debug|Any CPU = Debug|Any CPU
		Release|Any CPU = Release|Any CPU
	EndGlobalSection
	GlobalSection(ProjectConfigurationPlatforms) = postSolution
		{A6A6B355-BC3B-4AE8-9032-8FD48D557E18}.Debug|Any CPU.ActiveCfg = Debug|Any CPU
		{A6A6B355-BC3B-4AE8-9032-8FD48D557E18}.Debug|Any CPU.Build.0 = Debug|Any CPU
		{A6A6B355-BC3B-4AE8-9032-8FD48D557E18}.Release|Any CPU.ActiveCfg = Release|Any CPU
		{A6A6B355-BC3B-4AE8-9032-8FD48D557E18}.Release|Any CPU.Build.0 = Release|Any CPU
		{836EF229-F266-4954-B8A3-6DFA3F33163C}.Debug|Any CPU.ActiveCfg = Debug|Any CPU
		{836EF229-F266-4954-B8A3-6DFA3F33163C}.Debug|Any CPU.Build.0 = Debug|Any CPU
		{836EF229-F266-4954-B8A3-6DFA3F33163C}.Release|Any CPU.ActiveCfg = Release|Any CPU
		{836EF229-F266-4954-B8A3-6DFA3F33163C}.Release|Any CPU.Build.0 = Release|Any CPU
	EndGlobalSection
	GlobalSection(SolutionProperties) = preSolution
		HideSolutionNode = FALSE
	EndGlobalSection
	GlobalSection(ExtensibilityGlobals) = postSolution
		SolutionGuid = {3499E4AC-A250-4F81-87D7-BA165028BABC}
	EndGlobalSection
EndGlobal
